
Microsoft Visual Studio Solution File, Format Version 12.00
# Visual Studio 15
VisualStudioVersion = 15.0.26730.16
MinimumVisualStudioVersion = 10.0.40219.1
Project("{FAE04EC0-301F-11D3-BF4B-00C04F79EFBC}") = "Practice Game", "Practice Game\Practice Game.csproj", "{8BFE15C1-33AB-4AC9-9D87-2BD7CAE00185}"
EndProject
Global
	GlobalSection(SolutionConfigurationPlatforms) = preSolution
		Debug|Any CPU = Debug|Any CPU
		Release|Any CPU = Release|Any CPU
	EndGlobalSection
	GlobalSection(ProjectConfigurationPlatforms) = postSolution
		{8BFE15C1-33AB-4AC9-9D87-2BD7CAE00185}.Debug|Any CPU.ActiveCfg = Debug|Any CPU
		{8BFE15C1-33AB-4AC9-9D87-2BD7CAE00185}.Debug|Any CPU.Build.0 = Debug|Any CPU
		{8BFE15C1-33AB-4AC9-9D87-2BD7CAE00185}.Release|Any CPU.ActiveCfg = Release|Any CPU
		{8BFE15C1-33AB-4AC9-9D87-2BD7CAE00185}.Release|Any CPU.Build.0 = Release|Any CPU
	EndGlobalSection
	GlobalSection(SolutionProperties) = preSolution
		HideSolutionNode = FALSE
	EndGlobalSection
	GlobalSection(ExtensibilityGlobals) = postSolution
		SolutionGuid = {354D8DBB-9188-4A02-9A5B-33C483ECAE85}
	EndGlobalSection
EndGlobal
